{
  "lockfileVersion": 1,
  "configVersion": 1,
  "workspaces": {
    "": {
      "name": "codex-proxy",
      "devDependencies": {
        "@aws-sdk/client-dynamodb": "^3.1078.0",
        "@aws-sdk/client-lambda": "^3.1078.0",
        "@aws-sdk/client-s3": "^3.1078.0",
        "@types/node": "^26.1.0",
      },
    },
  },
  "packages": {
    "@aws-sdk/checksums": ["@aws-sdk/checksums@3.1000.12", "", { "dependencies": { "@aws-sdk/core": "^3.974.27", "@aws-sdk/types": "^3.973.15", "@smithy/core": "^3.29.0", "@smithy/types": "^4.15.1", "tslib": "^2.6.2" } }, "sha512-RgNDWfhNRIlNEzePIRrYTNi/6q+wwRMMapojn8YVzw4ZcJRa/gxVMtUbeZARR1gmopuv6oIhMbY7J66qIQ0ynw=="],

    "@aws-sdk/client-dynamodb": ["@aws-sdk/client-dynamodb@3.1078.0", "", { "dependencies": { "@aws-sdk/core": "^3.974.26", "@aws-sdk/credential-provider-node": "^3.972.61", "@aws-sdk/dynamodb-codec": "^3.973.26", "@aws-sdk/middleware-endpoint-discovery": "^3.972.22", "@aws-sdk/types": "^3.973.15", "@smithy/core": "^3.29.0", "@smithy/fetch-http-handler": "^5.6.2", "@smithy/node-http-handler": "^4.9.2", "@smithy/types": "^4.15.1", "tslib": "^2.6.2" } }, "sha512-DQJaTSSD8R6RuDXkFiQ4aiWyIhDtNeZksULp2gk+RFcl7CI9mzIO+aX7ucnckEnE6q4iOId3NJAULASUASfWJg=="],

    "@aws-sdk/client-lambda": ["@aws-sdk/client-lambda@3.1078.0", "", { "dependencies": { "@aws-sdk/core": "^3.974.26", "@aws-sdk/credential-provider-node": "^3.972.61", "@aws-sdk/types": "^3.973.15", "@smithy/core": "^3.29.0", "@smithy/fetch-http-handler": "^5.6.2", "@smithy/node-http-handler": "^4.9.2", "@smithy/types": "^4.15.1", "tslib": "^2.6.2" } }, "sha512-p4AiIWWbosEQ/eZuH6aO6mBs05zzbvvswIqZOJ3ZUQvlZ3NCABuvTvZJjsDwdlSz8UzKMZB7UkvzPveIbtH0AA=="],

    "@aws-sdk/client-s3": ["@aws-sdk/client-s3@3.1079.0", "", { "dependencies": { "@aws-sdk/checksums": "^3.1000.12", "@aws-sdk/core": "^3.974.27", "@aws-sdk/credential-provider-node": "^3.972.62", "@aws-sdk/middleware-sdk-s3": "^3.972.58", "@aws-sdk/signature-v4-multi-region": "^3.996.38", "@aws-sdk/types": "^3.973.15", "@smithy/core": "^3.29.0", "@smithy/fetch-http-handler": "^5.6.2", "@smithy/node-http-handler": "^4.9.2", "@smithy/types": "^4.15.1", "tslib": "^2.6.2" } }, "sha512-di9U/7Po7qlVYb2dq58ULsbBAE1pBIk53rux+50LQCvH1X+/l1Ys+BIk/QLBtdaK1nADk0xRNEBbA1QWVnMccw=="],

    "@aws-sdk/core": ["@aws-sdk/core@3.974.26", "", { "dependencies": { "@aws-sdk/types": "^3.973.15", "@aws-sdk/xml-builder": "^3.972.33", "@aws/lambda-invoke-store": "^0.2.2", "@smithy/core": "^3.29.0", "@smithy/signature-v4": "^5.6.1", "@smithy/types": "^4.15.1", "bowser": "^2.11.0", "tslib": "^2.6.2" } }, "sha512-wRj7Pthvjk3anees97pUWlxlTa0DUjeGrEQU5fKDZVdWZV0ekaprbof0df2uaE9g8u67t035v2j+ne2AW2UMkA=="],

    "@aws-sdk/credential-provider-env": ["@aws-sdk/credential-provider-env@3.972.52", "", { "dependencies": { "@aws-sdk/core": "^3.974.26", "@aws-sdk/types": "^3.973.15", "@smithy/core": "^3.29.0", "@smithy/types": "^4.15.1", "tslib": "^2.6.2" } }, "sha512-sxuaHZGHqOgKB8OdL3doXa1NJjqmO60FPfyTnYVKGjX9taRsIEGS9pd+2yALmo06hijZ8L94uSK0kfXZsRmVyA=="],

    "@aws-sdk/credential-provider-http": ["@aws-sdk/credential-provider-http@3.972.54", "", { "dependencies": { "@aws-sdk/core": "^3.974.26", "@aws-sdk/types": "^3.973.15", "@smithy/core": "^3.29.0", "@smithy/fetch-http-handler": "^5.6.2", "@smithy/node-http-handler": "^4.9.2", "@smithy/types": "^4.15.1", "tslib": "^2.6.2" } }, "sha512-e6yz52nq3SpR1oPLcvfsDM7H7k2gIYk/NSn/rwsFqzGXEwr3g0mRMlPbLaKCPCGNZJMU/gZg6/64B3eSam+gBw=="],

    "@aws-sdk/credential-provider-ini": ["@aws-sdk/credential-provider-ini@3.972.59", "", { "dependencies": { "@aws-sdk/core": "^3.974.26", "@aws-sdk/credential-provider-env": "^3.972.52", "@aws-sdk/credential-provider-http": "^3.972.54", "@aws-sdk/credential-provider-login": "^3.972.58", "@aws-sdk/credential-provider-process": "^3.972.52", "@aws-sdk/credential-provider-sso": "^3.972.58", "@aws-sdk/credential-provider-web-identity": "^3.972.58", "@aws-sdk/nested-clients": "^3.997.26", "@aws-sdk/types": "^3.973.15", "@smithy/core": "^3.29.0", "@smithy/credential-provider-imds": "^4.4.5", "@smithy/types": "^4.15.1", "tslib": "^2.6.2" } }, "sha512-9Um/UpruN76AdpiLnvwChVkJJwJ9Vx9ykk/2AeLxxSCM/YYRD8Kkq2towUk9fZQLV7dd9ATlsi87U7hKs0z/iQ=="],

    "@aws-sdk/credential-provider-login": ["@aws-sdk/credential-provider-login@3.972.58", "", { "dependencies": { "@aws-sdk/core": "^3.974.26", "@aws-sdk/nested-clients": "^3.997.26", "@aws-sdk/types": "^3.973.15", "@smithy/core": "^3.29.0", "@smithy/types": "^4.15.1", "tslib": "^2.6.2" } }, "sha512-H3q96qF8/DJsPsXMVtMRqSWOc85K5O4zos32untdw+vE5vw0f3a6qJo1YqbND4BsEIKd4iZmzzVUq9kV4LjbHg=="],

    "@aws-sdk/credential-provider-node": ["@aws-sdk/credential-provider-node@3.972.61", "", { "dependencies": { "@aws-sdk/credential-provider-env": "^3.972.52", "@aws-sdk/credential-provider-http": "^3.972.54", "@aws-sdk/credential-provider-ini": "^3.972.59", "@aws-sdk/credential-provider-process": "^3.972.52", "@aws-sdk/credential-provider-sso": "^3.972.58", "@aws-sdk/credential-provider-web-identity": "^3.972.58", "@aws-sdk/types": "^3.973.15", "@smithy/core": "^3.29.0", "@smithy/credential-provider-imds": "^4.4.5", "@smithy/types": "^4.15.1", "tslib": "^2.6.2" } }, "sha512-2U2KHMRCt1dlZoLU3KZR5g5EL4b0h2HHw96SkaUBK7qvEXPZj5rGRO/3ZTeJmh37dIYQuCnA2273rZOQvmsiHw=="],

    "@aws-sdk/credential-provider-process": ["@aws-sdk/credential-provider-process@3.972.52", "", { "dependencies": { "@aws-sdk/core": "^3.974.26", "@aws-sdk/types": "^3.973.15", "@smithy/core": "^3.29.0", "@smithy/types": "^4.15.1", "tslib": "^2.6.2" } }, "sha512-Aff9Ebs42lz+Ep1wkS+Nlwh5S0eahakpyskPsuKGjiBJ6ExOjNtxbfKJTKovQtQNgJ7oG1BH6esJwGrbs7qgSA=="],

    "@aws-sdk/credential-provider-sso": ["@aws-sdk/credential-provider-sso@3.972.58", "", { "dependencies": { "@aws-sdk/core": "^3.974.26", "@aws-sdk/nested-clients": "^3.997.26", "@aws-sdk/token-providers": "3.1078.0", "@aws-sdk/types": "^3.973.15", "@smithy/core": "^3.29.0", "@smithy/types": "^4.15.1", "tslib": "^2.6.2" } }, "sha512-syloC58mXOacUqM2toPNfwd7X3jT+tWj0F/cN7qdW1FQyI0q41J0tPf6DIZ56BF0x82iS9j3ALP45MoBz79YuQ=="],

    "@aws-sdk/credential-provider-web-identity": ["@aws-sdk/credential-provider-web-identity@3.972.58", "", { "dependencies": { "@aws-sdk/core": "^3.974.26", "@aws-sdk/nested-clients": "^3.997.26", "@aws-sdk/types": "^3.973.15", "@smithy/core": "^3.29.0", "@smithy/types": "^4.15.1", "tslib": "^2.6.2" } }, "sha512-pTBImKzcGK+pcMKjL0fAJbnYzzYd1c0UDc7BSIOGNQhF9Nuk66vWlIXfYTYyzNSs+w8Q/vfbbNDDU8zdrouwLg=="],

    "@aws-sdk/dynamodb-codec": ["@aws-sdk/dynamodb-codec@3.973.26", "", { "dependencies": { "@aws-sdk/core": "^3.974.26", "@smithy/core": "^3.29.0", "@smithy/types": "^4.15.1", "tslib": "^2.6.2" } }, "sha512-DeC9hY4sczIbhXYIAkSbfILBLZmpJhJh19IJNxowWomADjW1OjeycS8/d1IPhN1cUWICXn2aMgAE5Gqc9hpU4g=="],

    "@aws-sdk/endpoint-cache": ["@aws-sdk/endpoint-cache@3.972.8", "", { "dependencies": { "mnemonist": "0.38.3", "tslib": "^2.6.2" } }, "sha512-bBmkG0Dnhfq0/T4Z0PpUr7HkncBVaWvvCbvafeaUM+yC9wa8GGjLJmonq0QL17REB9WivgGeYgWQ5A80Uw5UnQ=="],

    "@aws-sdk/middleware-endpoint-discovery": ["@aws-sdk/middleware-endpoint-discovery@3.972.22", "", { "dependencies": { "@aws-sdk/endpoint-cache": "^3.972.8", "@aws-sdk/types": "^3.973.15", "@smithy/core": "^3.29.0", "@smithy/types": "^4.15.1", "tslib": "^2.6.2" } }, "sha512-GMoLg4XAnkiwevqcOfgz0lOTYmIdM7MJK/BL9EAvsoMFqKIGRpyNIvuSNg5gdFzP57yB+EklMlK0+TwBqj1tCg=="],

    "@aws-sdk/middleware-sdk-s3": ["@aws-sdk/middleware-sdk-s3@3.972.58", "", { "dependencies": { "@aws-sdk/core": "^3.974.27", "@aws-sdk/signature-v4-multi-region": "^3.996.38", "@aws-sdk/types": "^3.973.15", "@smithy/core": "^3.29.0", "@smithy/types": "^4.15.1", "tslib": "^2.6.2" } }, "sha512-6uaWRRYJGhOqc9EoTSbLDf9nI/doSAb5vAwGshs5/Hlv5Ce25b246lBkbRd/77fLAi+uMI1a70mJzVyLyCEufQ=="],

    "@aws-sdk/nested-clients": ["@aws-sdk/nested-clients@3.997.26", "", { "dependencies": { "@aws-sdk/core": "^3.974.26", "@aws-sdk/signature-v4-multi-region": "^3.996.38", "@aws-sdk/types": "^3.973.15", "@smithy/core": "^3.29.0", "@smithy/fetch-http-handler": "^5.6.2", "@smithy/node-http-handler": "^4.9.2", "@smithy/types": "^4.15.1", "tslib": "^2.6.2" } }, "sha512-Lwe3F6K7bs+jEubp1LbrvzeMBYb5fMazJ1IxV9TtKWPF8CSh67Fmwyq9fLz3NL/k55Dfpuph5Dimw76JFgr+SA=="],

    "@aws-sdk/signature-v4-multi-region": ["@aws-sdk/signature-v4-multi-region@3.996.38", "", { "dependencies": { "@aws-sdk/types": "^3.973.15", "@smithy/signature-v4": "^5.6.1", "@smithy/types": "^4.15.1", "tslib": "^2.6.2" } }, "sha512-C379Sk+MiFZCfWZphKlMyLHKxV22OjoGM5KJjj5IJNJcOCWL4IGIpnEGzv1FQiRwhYXfq55SJMfxlqPE08JJ9g=="],

    "@aws-sdk/token-providers": ["@aws-sdk/token-providers@3.1078.0", "", { "dependencies": { "@aws-sdk/core": "^3.974.26", "@aws-sdk/nested-clients": "^3.997.26", "@aws-sdk/types": "^3.973.15", "@smithy/core": "^3.29.0", "@smithy/types": "^4.15.1", "tslib": "^2.6.2" } }, "sha512-/uyXLBGu3Lw1GbBA2X66hcOMnKtMcqAIF+3/eHfxBQmUeXF2sdqozDPrTfEr/TnSd0D6deZar+eVyhEqqWu29w=="],

    "@aws-sdk/types": ["@aws-sdk/types@3.973.15", "", { "dependencies": { "@smithy/types": "^4.15.1", "tslib": "^2.6.2" } }, "sha512-IULn8uBV/SMtmOIANsm4WHXIOtVPBWfOWs3WGL0j/sI+KhaYehvOw0ET+9urnn8MBpiijuU/0JOpuwKOE451PQ=="],

    "@aws-sdk/xml-builder": ["@aws-sdk/xml-builder@3.972.33", "", { "dependencies": { "@smithy/types": "^4.15.1", "tslib": "^2.6.2" } }, "sha512-ezbwz9WpuLctm6o7P2t2naDhVVPI5jFGrVefVybhcKGjU57VIyT46pQVO0RI2RYkUdhdj2Z9uSIlAzGZE9NW9A=="],

    "@aws/lambda-invoke-store": ["@aws/lambda-invoke-store@0.2.4", "", {}, "sha512-iY8yvjE0y651BixKNPgmv1WrQc+GZ142sb0z4gYnChDDY2YqI4P/jsSopBWrKfAt7LOJAkOXt7rC/hms+WclQQ=="],

    "@smithy/core": ["@smithy/core@3.29.0", "", { "dependencies": { "@smithy/types": "^4.15.1", "tslib": "^2.6.2" } }, "sha512-sEvpvkBVoMxjoek35XyJFn2ZD3EJ1RpiZrT47WaZodxzAIWS44zkdvbqGE/ZlugtjiQp62cffYZ9ldyRkjAGnA=="],

    "@smithy/credential-provider-imds": ["@smithy/credential-provider-imds@4.4.5", "", { "dependencies": { "@smithy/core": "^3.29.0", "@smithy/types": "^4.15.1", "tslib": "^2.6.2" } }, "sha512-LnjUTNG0GgQlKIq7IioeOrPaEmC5xOd1WtAz24TLSiYQnWX2uHr53GrFuQhkrJBktPYCMga/NbUOW7hFbSA2Cg=="],

    "@smithy/fetch-http-handler": ["@smithy/fetch-http-handler@5.6.2", "", { "dependencies": { "@smithy/core": "^3.29.0", "@smithy/types": "^4.15.1", "tslib": "^2.6.2" } }, "sha512-q96PSDOAGw+X+nuELd7Cjebps0SYr+YlPbviEX9sLVw+VM4M7VV8hn1nL1mGS6urDu33eQ5A7WhlphaDO6kUyQ=="],

    "@smithy/node-http-handler": ["@smithy/node-http-handler@4.9.2", "", { "dependencies": { "@smithy/core": "^3.29.0", "@smithy/types": "^4.15.1", "tslib": "^2.6.2" } }, "sha512-s0yAIRj6TVfHgl+QzVyqal1KMGZ9B5512IrxKc6+dOpw8fUmFL3CvuAhjv0J+aNjUPfVZ2IhqPEDvkB5Ncx9oA=="],

    "@smithy/signature-v4": ["@smithy/signature-v4@5.6.1", "", { "dependencies": { "@smithy/core": "^3.29.0", "@smithy/types": "^4.15.1", "tslib": "^2.6.2" } }, "sha512-SqvuP75p/DmgWWI7jv4kf/UW+V4LFmlUn19s604SgAcRuJRB1vDnWwzZMYCLUcmKxko9wDn6iLgGEIpTNgZbIQ=="],

    "@smithy/types": ["@smithy/types@4.15.1", "", { "dependencies": { "tslib": "^2.6.2" } }, "sha512-x3L0XSACF6UYzKpa9biqiRMgvH5+wnFFew9Tm/grFYqgaupPwx/+ojDPpPJM8dZON3S9tjz5U+PQYsCBd1Mw5Q=="],

    "@types/node": ["@types/node@26.1.0", "", { "dependencies": { "undici-types": "~8.3.0" } }, "sha512-O0A1G3xPGy4w7AgQdAQYUlQ+BKk2Oovw8eRpofyp5KdBZULnbe+WqaOVNrm705SHphCiG4XHsACrSmPu1f+Kgw=="],

    "bowser": ["bowser@2.14.1", "", {}, "sha512-tzPjzCxygAKWFOJP011oxFHs57HzIhOEracIgAePE4pqB3LikALKnSzUyU4MGs9/iCEUuHlAJTjTc5M+u7YEGg=="],

    "mnemonist": ["mnemonist@0.38.3", "", { "dependencies": { "obliterator": "^1.6.1" } }, "sha512-2K9QYubXx/NAjv4VLq1d1Ly8pWNC5L3BrixtdkyTegXWJIqY+zLNDhhX/A+ZwWt70tB1S8H4BE8FLYEFyNoOBw=="],

    "obliterator": ["obliterator@1.6.1", "", {}, "sha512-9WXswnqINnnhOG/5SLimUlzuU1hFJUc8zkwyD59Sd+dPOMf05PmnYG/d6Q7HZ+KmgkZJa1PxRso6QdM3sTNHig=="],

    "tslib": ["tslib@2.8.1", "", {}, "sha512-oJFu94HQb+KVduSUQL7wnpmqnfmLsOA/nAh6b6EH0wCEoK0/mPeXU6c3wKDV83MkOuHPRHtSXKKU99IBazS/2w=="],

    "undici-types": ["undici-types@8.3.0", "", {}, "sha512-j375ScV60dom+YkPFIfTLcOiPxkN/buHz5GobjLhixFuANaNs3C9l4GmrWqejgXWJ7BbJcFYpTEUkS1Ge8bpZQ=="],

    "@aws-sdk/checksums/@aws-sdk/core": ["@aws-sdk/core@3.974.27", "", { "dependencies": { "@aws-sdk/types": "^3.973.15", "@aws-sdk/xml-builder": "^3.972.33", "@aws/lambda-invoke-store": "^0.3.0", "@smithy/core": "^3.29.0", "@smithy/signature-v4": "^5.6.1", "@smithy/types": "^4.15.1", "bowser": "^2.11.0", "tslib": "^2.6.2" } }, "sha512-WRWEgIq6vx+NU6ot3VrRu4Jovj9MIObitSi6of/GV5THDDPccBhivCRNkWJutMM+m3GvdeI3l/UbGNcoOobxOA=="],

    "@aws-sdk/client-s3/@aws-sdk/core": ["@aws-sdk/core@3.974.27", "", { "dependencies": { "@aws-sdk/types": "^3.973.15", "@aws-sdk/xml-builder": "^3.972.33", "@aws/lambda-invoke-store": "^0.3.0", "@smithy/core": "^3.29.0", "@smithy/signature-v4": "^5.6.1", "@smithy/types": "^4.15.1", "bowser": "^2.11.0", "tslib": "^2.6.2" } }, "sha512-WRWEgIq6vx+NU6ot3VrRu4Jovj9MIObitSi6of/GV5THDDPccBhivCRNkWJutMM+m3GvdeI3l/UbGNcoOobxOA=="],

    "@aws-sdk/client-s3/@aws-sdk/credential-provider-node": ["@aws-sdk/credential-provider-node@3.972.62", "", { "dependencies": { "@aws-sdk/credential-provider-env": "^3.972.53", "@aws-sdk/credential-provider-http": "^3.972.55", "@aws-sdk/credential-provider-ini": "^3.972.60", "@aws-sdk/credential-provider-process": "^3.972.53", "@aws-sdk/credential-provider-sso": "^3.972.59", "@aws-sdk/credential-provider-web-identity": "^3.972.59", "@aws-sdk/types": "^3.973.15", "@smithy/core": "^3.29.0", "@smithy/credential-provider-imds": "^4.4.5", "@smithy/types": "^4.15.1", "tslib": "^2.6.2" } }, "sha512-S6Slq3Tx7bvFk5yc34XNADyZYTX2HUXvaFAnowGRQnhjBO8J/mP62Fn7lxvJwjaDyYm/7gh9h6HEHaltRyMFXw=="],

    "@aws-sdk/middleware-sdk-s3/@aws-sdk/core": ["@aws-sdk/core@3.974.27", "", { "dependencies": { "@aws-sdk/types": "^3.973.15", "@aws-sdk/xml-builder": "^3.972.33", "@aws/lambda-invoke-store": "^0.3.0", "@smithy/core": "^3.29.0", "@smithy/signature-v4": "^5.6.1", "@smithy/types": "^4.15.1", "bowser": "^2.11.0", "tslib": "^2.6.2" } }, "sha512-WRWEgIq6vx+NU6ot3VrRu4Jovj9MIObitSi6of/GV5THDDPccBhivCRNkWJutMM+m3GvdeI3l/UbGNcoOobxOA=="],

    "@aws-sdk/checksums/@aws-sdk/core/@aws/lambda-invoke-store": ["@aws/lambda-invoke-store@0.3.0", "", {}, "sha512-sl4Bm6yiMNYrZKkqqDFWN0UfnWhlS8ivKxrYl+6t0gCLrqr8y3B2IqZZbFRkfaVVp7C/baApyh71P+LeE1A2sQ=="],

    "@aws-sdk/client-s3/@aws-sdk/core/@aws/lambda-invoke-store": ["@aws/lambda-invoke-store@0.3.0", "", {}, "sha512-sl4Bm6yiMNYrZKkqqDFWN0UfnWhlS8ivKxrYl+6t0gCLrqr8y3B2IqZZbFRkfaVVp7C/baApyh71P+LeE1A2sQ=="],

    "@aws-sdk/client-s3/@aws-sdk/credential-provider-node/@aws-sdk/credential-provider-env": ["@aws-sdk/credential-provider-env@3.972.53", "", { "dependencies": { "@aws-sdk/core": "^3.974.27", "@aws-sdk/types": "^3.973.15", "@smithy/core": "^3.29.0", "@smithy/types": "^4.15.1", "tslib": "^2.6.2" } }, "sha512-+KDA3uc/HZ1vIneGu5QMQb0gAXDYrm2vOE60+BJ7lS0YinMQ5i2oV4PR1A16XkF6K1IbSwjEHd1hQIIgMsK48w=="],

    "@aws-sdk/client-s3/@aws-sdk/credential-provider-node/@aws-sdk/credential-provider-http": ["@aws-sdk/credential-provider-http@3.972.55", "", { "dependencies": { "@aws-sdk/core": "^3.974.27", "@aws-sdk/types": "^3.973.15", "@smithy/core": "^3.29.0", "@smithy/fetch-http-handler": "^5.6.2", "@smithy/node-http-handler": "^4.9.2", "@smithy/types": "^4.15.1", "tslib": "^2.6.2" } }, "sha512-1gBfkWY3RWeBlCoB9lIJjXMx45/54wxcgfzv6BY9otTmMrZPcNPi1v+MwZxxaCUg441NV3jsr1efnFNCXiW70g=="],

    "@aws-sdk/client-s3/@aws-sdk/credential-provider-node/@aws-sdk/credential-provider-ini": ["@aws-sdk/credential-provider-ini@3.972.60", "", { "dependencies": { "@aws-sdk/core": "^3.974.27", "@aws-sdk/credential-provider-env": "^3.972.53", "@aws-sdk/credential-provider-http": "^3.972.55", "@aws-sdk/credential-provider-login": "^3.972.59", "@aws-sdk/credential-provider-process": "^3.972.53", "@aws-sdk/credential-provider-sso": "^3.972.59", "@aws-sdk/credential-provider-web-identity": "^3.972.59", "@aws-sdk/nested-clients": "^3.997.27", "@aws-sdk/types": "^3.973.15", "@smithy/core": "^3.29.0", "@smithy/credential-provider-imds": "^4.4.5", "@smithy/types": "^4.15.1", "tslib": "^2.6.2" } }, "sha512-CV2md+PXvABwRjApWGhQ0wACy9WSFIhnUGrovLcjnjBCd/46TbuivLADtkF8IWNjtCQmQ+2IagSaxqBYqXBNAQ=="],

    "@aws-sdk/client-s3/@aws-sdk/credential-provider-node/@aws-sdk/credential-provider-process": ["@aws-sdk/credential-provider-process@3.972.53", "", { "dependencies": { "@aws-sdk/core": "^3.974.27", "@aws-sdk/types": "^3.973.15", "@smithy/core": "^3.29.0", "@smithy/types": "^4.15.1", "tslib": "^2.6.2" } }, "sha512-EhfH+MQlqOMCkXIVa8MMObPzAQqwTTtxA7KhEJiyPeuNVA8PLOOUpgK7nBrgaDaGiIDLN/9LpGdaHuDjomeRTw=="],

    "@aws-sdk/client-s3/@aws-sdk/credential-provider-node/@aws-sdk/credential-provider-sso": ["@aws-sdk/credential-provider-sso@3.972.59", "", { "dependencies": { "@aws-sdk/core": "^3.974.27", "@aws-sdk/nested-clients": "^3.997.27", "@aws-sdk/token-providers": "3.1079.0", "@aws-sdk/types": "^3.973.15", "@smithy/core": "^3.29.0", "@smithy/types": "^4.15.1", "tslib": "^2.6.2" } }, "sha512-h8793pOjcImx0SB+VcLONcaQQ57VAvKVuqyewQMRKqqH+CSXsG2dwOeLMUJPMxLdNvL7dXOM0ueTukyNUnu5mA=="],

    "@aws-sdk/client-s3/@aws-sdk/credential-provider-node/@aws-sdk/credential-provider-web-identity": ["@aws-sdk/credential-provider-web-identity@3.972.59", "", { "dependencies": { "@aws-sdk/core": "^3.974.27", "@aws-sdk/nested-clients": "^3.997.27", "@aws-sdk/types": "^3.973.15", "@smithy/core": "^3.29.0", "@smithy/types": "^4.15.1", "tslib": "^2.6.2" } }, "sha512-VoyO9+vl3XVmpZwn4obskrWIkrA/Jf3lSe1E3ZERlaN9u0D4YZ6+HywC3+L98QOXqZesEfedk67gRER8tK8+8w=="],

    "@aws-sdk/middleware-sdk-s3/@aws-sdk/core/@aws/lambda-invoke-store": ["@aws/lambda-invoke-store@0.3.0", "", {}, "sha512-sl4Bm6yiMNYrZKkqqDFWN0UfnWhlS8ivKxrYl+6t0gCLrqr8y3B2IqZZbFRkfaVVp7C/baApyh71P+LeE1A2sQ=="],

    "@aws-sdk/client-s3/@aws-sdk/credential-provider-node/@aws-sdk/credential-provider-ini/@aws-sdk/credential-provider-login": ["@aws-sdk/credential-provider-login@3.972.59", "", { "dependencies": { "@aws-sdk/core": "^3.974.27", "@aws-sdk/nested-clients": "^3.997.27", "@aws-sdk/types": "^3.973.15", "@smithy/core": "^3.29.0", "@smithy/types": "^4.15.1", "tslib": "^2.6.2" } }, "sha512-JG4S9yyA1GFzJdJXqLKrUzZbyK+VDp2QIsJD7YOicJHAhqymfHpDJIok2dLnhOdVB0I37RjdC53uOwCMVS00gw=="],

    "@aws-sdk/client-s3/@aws-sdk/credential-provider-node/@aws-sdk/credential-provider-ini/@aws-sdk/nested-clients": ["@aws-sdk/nested-clients@3.997.27", "", { "dependencies": { "@aws-sdk/core": "^3.974.27", "@aws-sdk/signature-v4-multi-region": "^3.996.38", "@aws-sdk/types": "^3.973.15", "@smithy/core": "^3.29.0", "@smithy/fetch-http-handler": "^5.6.2", "@smithy/node-http-handler": "^4.9.2", "@smithy/types": "^4.15.1", "tslib": "^2.6.2" } }, "sha512-A8PIePF9NIIOJ/4Lg1rl9xm/+QaKkHGetq+Z9wb5B+3Da31YYXRo8n7IDMh5C+HQI5eyEmjrwkGWVdYtnLtbXQ=="],

    "@aws-sdk/client-s3/@aws-sdk/credential-provider-node/@aws-sdk/credential-provider-sso/@aws-sdk/nested-clients": ["@aws-sdk/nested-clients@3.997.27", "", { "dependencies": { "@aws-sdk/core": "^3.974.27", "@aws-sdk/signature-v4-multi-region": "^3.996.38", "@aws-sdk/types": "^3.973.15", "@smithy/core": "^3.29.0", "@smithy/fetch-http-handler": "^5.6.2", "@smithy/node-http-handler": "^4.9.2", "@smithy/types": "^4.15.1", "tslib": "^2.6.2" } }, "sha512-A8PIePF9NIIOJ/4Lg1rl9xm/+QaKkHGetq+Z9wb5B+3Da31YYXRo8n7IDMh5C+HQI5eyEmjrwkGWVdYtnLtbXQ=="],

    "@aws-sdk/client-s3/@aws-sdk/credential-provider-node/@aws-sdk/credential-provider-sso/@aws-sdk/token-providers": ["@aws-sdk/token-providers@3.1079.0", "", { "dependencies": { "@aws-sdk/core": "^3.974.27", "@aws-sdk/nested-clients": "^3.997.27", "@aws-sdk/types": "^3.973.15", "@smithy/core": "^3.29.0", "@smithy/types": "^4.15.1", "tslib": "^2.6.2" } }, "sha512-cbietrLlHPhhmbnMPTuDS4Zj/KNGhY+3vVhn6dwjO6Dqzrwothzg2srtcY34T9mlICsTXn34avDoWLHSntP54A=="],

    "@aws-sdk/client-s3/@aws-sdk/credential-provider-node/@aws-sdk/credential-provider-web-identity/@aws-sdk/nested-clients": ["@aws-sdk/nested-clients@3.997.27", "", { "dependencies": { "@aws-sdk/core": "^3.974.27", "@aws-sdk/signature-v4-multi-region": "^3.996.38", "@aws-sdk/types": "^3.973.15", "@smithy/core": "^3.29.0", "@smithy/fetch-http-handler": "^5.6.2", "@smithy/node-http-handler": "^4.9.2", "@smithy/types": "^4.15.1", "tslib": "^2.6.2" } }, "sha512-A8PIePF9NIIOJ/4Lg1rl9xm/+QaKkHGetq+Z9wb5B+3Da31YYXRo8n7IDMh5C+HQI5eyEmjrwkGWVdYtnLtbXQ=="],
  }
}
